PODS:
  - Cartography (3.1.0)
  - Crashlytics (3.9.0):
    - Fabric (~> 1.7.0)
  - Fabric (1.7.0)

DEPENDENCIES:
  - Cartography
  - Crashlytics
  - Fabric

SPEC REPOS:
  https://github.com/cocoapods/specs.git:
    - Cartography
    - Crashlytics
    - Fabric

SPEC CHECKSUMS:
  Cartography: 1988b7578871a56c036e7af17195cb2190edf18c
  Crashlytics: 64aad5dd97249dd3ff94b979fea140144590cdd3
  Fabric: e6be012366472553807dada21243c5ab8d904151

PODFILE CHECKSUM: d9c9064bd5055558f0a981a49479e1afdbecc373

COCOAPODS: 1.5.3
